
Microsoft Visual Studio Solution File, Format Version 12.00
# Visual Studio 15
VisualStudioVersion = 15.0.26430.12
MinimumVisualStudioVersion = 10.0.40219.1
Project("{FAE04EC0-301F-11D3-BF4B-00C04F79EFBC}") = "SignalR.Client", "SignalR.Client\SignalR.Client.csproj", "{A254C944-BCFE-468A-8E66-C76ADE375B89}"
EndProject
Project("{FAE04EC0-301F-11D3-BF4B-00C04F79EFBC}") = "SignalR.Api", "SignalR.Api\SignalR.Api.csproj", "{589560D2-38F0-45C2-8280-B31E9FC4757C}"
EndProject
Project("{FAE04EC0-301F-11D3-BF4B-00C04F79EFBC}") = "SignalR.MVC", "SignalR.MVC\SignalR.MVC.csproj", "{FD422A6F-306F-4FD3-9AE8-83D601F88C43}"
EndProject
Project("{FAE04EC0-301F-11D3-BF4B-00C04F79EFBC}") = "SignalR.SeftHost", "SignalR.SeftHost\SignalR.SeftHost.csproj", "{E0CAB13E-FBF1-4EEF-B9CD-68FCBA44CB65}"
EndProject
Global
	GlobalSection(SolutionConfigurationPlatforms) = preSolution
		Debug|Any CPU = Debug|Any CPU
		Release|Any CPU = Release|Any CPU
	EndGlobalSection
	GlobalSection(ProjectConfigurationPlatforms) = postSolution
		{A254C944-BCFE-468A-8E66-C76ADE375B89}.Debug|Any CPU.ActiveCfg = Debug|Any CPU
		{A254C944-BCFE-468A-8E66-C76ADE375B89}.Debug|Any CPU.Build.0 = Debug|Any CPU
		{A254C944-BCFE-468A-8E66-C76ADE375B89}.Release|Any CPU.ActiveCfg = Release|Any CPU
		{A254C944-BCFE-468A-8E66-C76ADE375B89}.Release|Any CPU.Build.0 = Release|Any CPU
		{589560D2-38F0-45C2-8280-B31E9FC4757C}.Debug|Any CPU.ActiveCfg = Debug|Any CPU
		{589560D2-38F0-45C2-8280-B31E9FC4757C}.Debug|Any CPU.Build.0 = Debug|Any CPU
		{589560D2-38F0-45C2-8280-B31E9FC4757C}.Release|Any CPU.ActiveCfg = Release|Any CPU
		{589560D2-38F0-45C2-8280-B31E9FC4757C}.Release|Any CPU.Build.0 = Release|Any CPU
		{FD422A6F-306F-4FD3-9AE8-83D601F88C43}.Debug|Any CPU.ActiveCfg = Debug|Any CPU
		{FD422A6F-306F-4FD3-9AE8-83D601F88C43}.Debug|Any CPU.Build.0 = Debug|Any CPU
		{FD422A6F-306F-4FD3-9AE8-83D601F88C43}.Release|Any CPU.ActiveCfg = Release|Any CPU
		{FD422A6F-306F-4FD3-9AE8-83D601F88C43}.Release|Any CPU.Build.0 = Release|Any CPU
		{E0CAB13E-FBF1-4EEF-B9CD-68FCBA44CB65}.Debug|Any CPU.ActiveCfg = Debug|Any CPU
		{E0CAB13E-FBF1-4EEF-B9CD-68FCBA44CB65}.Debug|Any CPU.Build.0 = Debug|Any CPU
		{E0CAB13E-FBF1-4EEF-B9CD-68FCBA44CB65}.Release|Any CPU.ActiveCfg = Release|Any CPU
		{E0CAB13E-FBF1-4EEF-B9CD-68FCBA44CB65}.Release|Any CPU.Build.0 = Release|Any CPU
	EndGlobalSection
	GlobalSection(SolutionProperties) = preSolution
		HideSolutionNode = FALSE
	EndGlobalSection
EndGlobal
